
Microsoft Visual Studio Solution File, Format Version 12.00
# Visual Studio Version 17
VisualStudioVersion = 17.8.34309.116
MinimumVisualStudioVersion = 10.0.40219.1
Project("{FAE04EC0-301F-11D3-BF4B-00C04F79EFBC}") = "ConstantProject", "ConstantProject\ConstantProject.csproj", "{3EC7E92E-0B09-4561-92FB-70006F44C231}"
EndProject
Global
	GlobalSection(SolutionConfigurationPlatforms) = preSolution
		Debug|Any CPU = Debug|Any CPU
		Release|Any CPU = Release|Any CPU
	EndGlobalSection
	GlobalSection(ProjectConfigurationPlatforms) = postSolution
		{3EC7E92E-0B09-4561-92FB-70006F44C231}.Debug|Any CPU.ActiveCfg = Debug|Any CPU
		{3EC7E92E-0B09-4561-92FB-70006F44C231}.Debug|Any CPU.Build.0 = Debug|Any CPU
		{3EC7E92E-0B09-4561-92FB-70006F44C231}.Release|Any CPU.ActiveCfg = Release|Any CPU
		{3EC7E92E-0B09-4561-92FB-70006F44C231}.Release|Any CPU.Build.0 = Release|Any CPU
	EndGlobalSection
	GlobalSection(SolutionProperties) = preSolution
		HideSolutionNode = FALSE
	EndGlobalSection
	GlobalSection(ExtensibilityGlobals) = postSolution
		SolutionGuid = {D6C1A110-C336-4F39-8BD5-1C8643BF6062}
	EndGlobalSection
EndGlobal
